
Microsoft Visual Studio Solution File, Format Version 12.00
# Visual Studio Version 17
VisualStudioVersion = 17.6.33829.357
MinimumVisualStudioVersion = 10.0.40219.1
Project("{2150E333-8FDC-42A3-9474-1A3956D46DE8}") = "Application", "Application", "{1A7D71C8-6C4D-4652-AFEF-35230B4275CE}"
EndProject
Project("{2150E333-8FDC-42A3-9474-1A3956D46DE8}") = "Domain", "Domain", "{19FFFC13-C614-4777-8CED-72198002CF1B}"
EndProject
Project("{2150E333-8FDC-42A3-9474-1A3956D46DE8}") = "Infra", "Infra", "{9362387E-FE86-4B2C-8E00-CBB5AB509C45}"
EndProject
Project("{2150E333-8FDC-42A3-9474-1A3956D46DE8}") = "CrossCutting", "CrossCutting", "{AB24DF94-6002-4CEE-8525-BC60704FC269}"
EndProject
Project("{9A19103F-16F7-4668-BE54-9A1E7A4F7556}") = "API-AdressSearch", "API-AdressSearch\API-AdressSearch.csproj", "{03DF2F1D-9496-464B-A720-845106706542}"
EndProject
Project("{FAE04EC0-301F-11D3-BF4B-00C04F79EFBC}") = "API-AdressSearch.Infra.CrossCutting", "API-AdressSearch.Infra.CrossCutting\API-AdressSearch.Infra.CrossCutting.csproj", "{9C40426A-10A0-4B52-BEA9-25E892C83A1F}"
EndProject
Project("{FAE04EC0-301F-11D3-BF4B-00C04F79EFBC}") = "API-AdressSearch.Domain", "API-AdressSearch.Domain\API-AdressSearch.Domain.csproj", "{6E554464-F9AF-42E6-B722-D40F768AE650}"
EndProject
Project("{2150E333-8FDC-42A3-9474-1A3956D46DE8}") = "Service", "Service", "{B8BA66B1-6EB5-4211-A972-340C393C8912}"
EndProject
Project("{FAE04EC0-301F-11D3-BF4B-00C04F79EFBC}") = "API-AdressSearch.Service", "API-AdressSearch.Service\API-AdressSearch.Service.csproj", "{8D737C40-E53A-4A76-B30F-A63EF80CB283}"
EndProject
Global
	GlobalSection(SolutionConfigurationPlatforms) = preSolution
		Debug|Any CPU = Debug|Any CPU
		Release|Any CPU = Release|Any CPU
	EndGlobalSection
	GlobalSection(ProjectConfigurationPlatforms) = postSolution
		{03DF2F1D-9496-464B-A720-845106706542}.Debug|Any CPU.ActiveCfg = Debug|Any CPU
		{03DF2F1D-9496-464B-A720-845106706542}.Debug|Any CPU.Build.0 = Debug|Any CPU
		{03DF2F1D-9496-464B-A720-845106706542}.Release|Any CPU.ActiveCfg = Release|Any CPU
		{03DF2F1D-9496-464B-A720-845106706542}.Release|Any CPU.Build.0 = Release|Any CPU
		{9C40426A-10A0-4B52-BEA9-25E892C83A1F}.Debug|Any CPU.ActiveCfg = Debug|Any CPU
		{9C40426A-10A0-4B52-BEA9-25E892C83A1F}.Debug|Any CPU.Build.0 = Debug|Any CPU
		{9C40426A-10A0-4B52-BEA9-25E892C83A1F}.Release|Any CPU.ActiveCfg = Release|Any CPU
		{9C40426A-10A0-4B52-BEA9-25E892C83A1F}.Release|Any CPU.Build.0 = Release|Any CPU
		{6E554464-F9AF-42E6-B722-D40F768AE650}.Debug|Any CPU.ActiveCfg = Debug|Any CPU
		{6E554464-F9AF-42E6-B722-D40F768AE650}.Debug|Any CPU.Build.0 = Debug|Any CPU
		{6E554464-F9AF-42E6-B722-D40F768AE650}.Release|Any CPU.ActiveCfg = Release|Any CPU
		{6E554464-F9AF-42E6-B722-D40F768AE650}.Release|Any CPU.Build.0 = Release|Any CPU
		{8D737C40-E53A-4A76-B30F-A63EF80CB283}.Debug|Any CPU.ActiveCfg = Debug|Any CPU
		{8D737C40-E53A-4A76-B30F-A63EF80CB283}.Debug|Any CPU.Build.0 = Debug|Any CPU
		{8D737C40-E53A-4A76-B30F-A63EF80CB283}.Release|Any CPU.ActiveCfg = Release|Any CPU
		{8D737C40-E53A-4A76-B30F-A63EF80CB283}.Release|Any CPU.Build.0 = Release|Any CPU
	EndGlobalSection
	GlobalSection(SolutionProperties) = preSolution
		HideSolutionNode = FALSE
	EndGlobalSection
	GlobalSection(NestedProjects) = preSolution
		{AB24DF94-6002-4CEE-8525-BC60704FC269} = {9362387E-FE86-4B2C-8E00-CBB5AB509C45}
		{03DF2F1D-9496-464B-A720-845106706542} = {1A7D71C8-6C4D-4652-AFEF-35230B4275CE}
		{9C40426A-10A0-4B52-BEA9-25E892C83A1F} = {AB24DF94-6002-4CEE-8525-BC60704FC269}
		{6E554464-F9AF-42E6-B722-D40F768AE650} = {19FFFC13-C614-4777-8CED-72198002CF1B}
		{8D737C40-E53A-4A76-B30F-A63EF80CB283} = {B8BA66B1-6EB5-4211-A972-340C393C8912}
	EndGlobalSection
	GlobalSection(ExtensibilityGlobals) = postSolution
		SolutionGuid = {EB15607A-4DCB-4240-9482-A72A8951D938}
	EndGlobalSection
EndGlobal
